// !$*UTF8*$!
{
	archiveVersion = 1;
	classes = {
	};
	objectVersion = 56;
	objects = {

/* Begin PBXBuildFile section */
		852CC5062A60302400BDAE0E /* DaysCount.swift in Sources */ = {isa = PBXBuildFile; fileRef = 852CC5052A60302400BDAE0E /* DaysCount.swift */; };
		8544097E2A5C03C800517F42 /* Binding+Extensions.swift in Sources */ = {isa = PBXBuildFile; fileRef = 8544097D2A5C03C800517F42 /* Binding+Extensions.swift */; };
		854409802A5C1F0100517F42 /* Date+Extensions.swift in Sources */ = {isa = PBXBuildFile; fileRef = 8544097F2A5C1F0100517F42 /* Date+Extensions.swift */; };
		854409822A5C1FC900517F42 /* Int+Extensions.swift in Sources */ = {isa = PBXBuildFile; fileRef = 854409812A5C1FC900517F42 /* Int+Extensions.swift */; };
		854B670F2A584F8C00BD0F39 /* DataSource.swift in Sources */ = {isa = PBXBuildFile; fileRef = 854B670E2A584F8C00BD0F39 /* DataSource.swift */; };
		854B67122A584FDC00BD0F39 /* TimeEvent.swift in Sources */ = {isa = PBXBuildFile; fileRef = 854B67112A584FDC00BD0F39 /* TimeEvent.swift */; };
		854B67152A5850DA00BD0F39 /* DataSourceType.swift in Sources */ = {isa = PBXBuildFile; fileRef = 854B67142A5850DA00BD0F39 /* DataSourceType.swift */; };
		8554726D2A5999490034C46A /* Color+Extensions.swift in Sources */ = {isa = PBXBuildFile; fileRef = 8554726C2A5999490034C46A /* Color+Extensions.swift */; };
		85C9D2082A5C6A1800BACC6F /* PinnedTimeEvent.swift in Sources */ = {isa = PBXBuildFile; fileRef = 85C9D2072A5C6A1800BACC6F /* PinnedTimeEvent.swift */; };
		85C9D20A2A5C6A5A00BACC6F /* ListedTimeEvent.swift in Sources */ = {isa = PBXBuildFile; fileRef = 85C9D2092A5C6A5A00BACC6F /* ListedTimeEvent.swift */; };
		85CB8E9E2A58AB59003B18B5 /* AddTimeEventView.swift in Sources */ = {isa = PBXBuildFile; fileRef = 85CB8E9D2A58AB59003B18B5 /* AddTimeEventView.swift */; };
		85CB8EA12A58AD7F003B18B5 /* CustomTextField.swift in Sources */ = {isa = PBXBuildFile; fileRef = 85CB8EA02A58AD7F003B18B5 /* CustomTextField.swift */; };
		85CB8EA42A58AFDF003B18B5 /* UIScreen+Extensions.swift in Sources */ = {isa = PBXBuildFile; fileRef = 85CB8EA32A58AFDF003B18B5 /* UIScreen+Extensions.swift */; };
		85EEBA132A582CC700B010E5 /* TimePalApp.swift in Sources */ = {isa = PBXBuildFile; fileRef = 85EEBA122A582CC700B010E5 /* TimePalApp.swift */; };
		85EEBA152A582CC700B010E5 /* ContentView.swift in Sources */ = {isa = PBXBuildFile; fileRef = 85EEBA142A582CC700B010E5 /* ContentView.swift */; };
		85EEBA172A582CC800B010E5 /* Assets.xcassets in Resources */ = {isa = PBXBuildFile; fileRef = 85EEBA162A582CC800B010E5 /* Assets.xcassets */; };
		85EEBA1A2A582CC800B010E5 /* Preview Assets.xcassets in Resources */ = {isa = PBXBuildFile; fileRef = 85EEBA192A582CC800B010E5 /* Preview Assets.xcassets */; };
		85EEBA1C2A582CC800B010E5 /* Persistence.swift in Sources */ = {isa = PBXBuildFile; fileRef = 85EEBA1B2A582CC800B010E5 /* Persistence.swift */; };
		85EEBA1F2A582CC800B010E5 /* TimePal.xcdatamodeld in Sources */ = {isa = PBXBuildFile; fileRef = 85EEBA1D2A582CC800B010E5 /* TimePal.xcdatamodeld */; };
/* End PBXBuildFile section */

/* Begin PBXFileReference section */
		852CC5052A60302400BDAE0E /* DaysCount.swift */ = {isa = PBXFileReference; lastKnownFileType = sourcecode.swift; path = DaysCount.swift; sourceTree = "<group>"; };
		8544097D2A5C03C800517F42 /* Binding+Extensions.swift */ = {isa = PBXFileReference; lastKnownFileType = sourcecode.swift; path = "Binding+Extensions.swift"; sourceTree = "<group>"; };
		8544097F2A5C1F0100517F42 /* Date+Extensions.swift */ = {isa = PBXFileReference; lastKnownFileType = sourcecode.swift; path = "Date+Extensions.swift"; sourceTree = "<group>"; };
		854409812A5C1FC900517F42 /* Int+Extensions.swift */ = {isa = PBXFileReference; lastKnownFileType = sourcecode.swift; path = "Int+Extensions.swift"; sourceTree = "<group>"; };
		854B670E2A584F8C00BD0F39 /* DataSource.swift */ = {isa = PBXFileReference; lastKnownFileType = sourcecode.swift; path = DataSource.swift; sourceTree = "<group>"; };
		854B67112A584FDC00BD0F39 /* TimeEvent.swift */ = {isa = PBXFileReference; lastKnownFileType = sourcecode.swift; path = TimeEvent.swift; sourceTree = "<group>"; };
		854B67142A5850DA00BD0F39 /* DataSourceType.swift */ = {isa = PBXFileReference; lastKnownFileType = sourcecode.swift; path = DataSourceType.swift; sourceTree = "<group>"; };
		8554726C2A5999490034C46A /* Color+Extensions.swift */ = {isa = PBXFileReference; lastKnownFileType = sourcecode.swift; path = "Color+Extensions.swift"; sourceTree = "<group>"; };
		85C9D2072A5C6A1800BACC6F /* PinnedTimeEvent.swift */ = {isa = PBXFileReference; lastKnownFileType = sourcecode.swift; path = PinnedTimeEvent.swift; sourceTree = "<group>"; };
		85C9D2092A5C6A5A00BACC6F /* ListedTimeEvent.swift */ = {isa = PBXFileReference; lastKnownFileType = sourcecode.swift; path = ListedTimeEvent.swift; sourceTree = "<group>"; };
		85CB8E9D2A58AB59003B18B5 /* AddTimeEventView.swift */ = {isa = PBXFileReference; lastKnownFileType = sourcecode.swift; path = AddTimeEventView.swift; sourceTree = "<group>"; };
		85CB8EA02A58AD7F003B18B5 /* CustomTextField.swift */ = {isa = PBXFileReference; lastKnownFileType = sourcecode.swift; path = CustomTextField.swift; sourceTree = "<group>"; };
		85CB8EA32A58AFDF003B18B5 /* UIScreen+Extensions.swift */ = {isa = PBXFileReference; lastKnownFileType = sourcecode.swift; path = "UIScreen+Extensions.swift"; sourceTree = "<group>"; };
		85EEBA0F2A582CC700B010E5 /* TimePal.app */ = {isa = PBXFileReference; explicitFileType = wrapper.application; includeInIndex = 0; path = TimePal.app; sourceTree = BUILT_PRODUCTS_DIR; };
		85EEBA122A582CC700B010E5 /* TimePalApp.swift */ = {isa = PBXFileReference; lastKnownFileType = sourcecode.swift; path = TimePalApp.swift; sourceTree = "<group>"; };
		85EEBA142A582CC700B010E5 /* ContentView.swift */ = {isa = PBXFileReference; lastKnownFileType = sourcecode.swift; path = ContentView.swift; sourceTree = "<group>"; };
		85EEBA162A582CC800B010E5 /* Assets.xcassets */ = {isa = PBXFileReference; lastKnownFileType = folder.assetcatalog; path = Assets.xcassets; sourceTree = "<group>"; };
		85EEBA192A582CC800B010E5 /* Preview Assets.xcassets */ = {isa = PBXFileReference; lastKnownFileType = folder.assetcatalog; path = "Preview Assets.xcassets"; sourceTree = "<group>"; };
		85EEBA1B2A582CC800B010E5 /* Persistence.swift */ = {isa = PBXFileReference; lastKnownFileType = sourcecode.swift; path = Persistence.swift; sourceTree = "<group>"; };
		85EEBA1E2A582CC800B010E5 /* TimePal.xcdatamodel */ = {isa = PBXFileReference; lastKnownFileType = wrapper.xcdatamodel; path = TimePal.xcdatamodel; sourceTree = "<group>"; };
/* End PBXFileReference section */

/* Begin PBXFrameworksBuildPhase section */
		85EEBA0C2A582CC700B010E5 /* Frameworks */ = {
			isa = PBXFrameworksBuildPhase;
			buildActionMask = 2147483647;
			files = (
			);
			runOnlyForDeploymentPostprocessing = 0;
		};
/* End PBXFrameworksBuildPhase section */

/* Begin PBXGroup section */
		852CC5042A60301900BDAE0E /* Common */ = {
			isa = PBXGroup;
			children = (
				852CC5052A60302400BDAE0E /* DaysCount.swift */,
			);
			path = Common;
			sourceTree = "<group>";
		};
		854B670D2A584F4C00BD0F39 /* Persistence */ = {
			isa = PBXGroup;
			children = (
				85EEBA1D2A582CC800B010E5 /* TimePal.xcdatamodeld */,
				854B67102A584FD300BD0F39 /* Models */,
				85EEBA1B2A582CC800B010E5 /* Persistence.swift */,
				854B670E2A584F8C00BD0F39 /* DataSource.swift */,
			);
			path = Persistence;
			sourceTree = "<group>";
		};
		854B67102A584FD300BD0F39 /* Models */ = {
			isa = PBXGroup;
			children = (
				854B67112A584FDC00BD0F39 /* TimeEvent.swift */,
			);
			path = Models;
			sourceTree = "<group>";
		};
		854B67132A5850CE00BD0F39 /* Enums */ = {
			isa = PBXGroup;
			children = (
				854B67142A5850DA00BD0F39 /* DataSourceType.swift */,
				85CB8EA02A58AD7F003B18B5 /* CustomTextField.swift */,
			);
			path = Enums;
			sourceTree = "<group>";
		};
		85CB8E9F2A58AD6D003B18B5 /* Components */ = {
			isa = PBXGroup;
			children = (
				852CC5042A60301900BDAE0E /* Common */,
				85C9D2072A5C6A1800BACC6F /* PinnedTimeEvent.swift */,
				85C9D2092A5C6A5A00BACC6F /* ListedTimeEvent.swift */,
			);
			path = Components;
			sourceTree = "<group>";
		};
		85CB8EA22A58AFD3003B18B5 /* Extensions */ = {
			isa = PBXGroup;
			children = (
				85CB8EA32A58AFDF003B18B5 /* UIScreen+Extensions.swift */,
				8554726C2A5999490034C46A /* Color+Extensions.swift */,
				8544097D2A5C03C800517F42 /* Binding+Extensions.swift */,
				8544097F2A5C1F0100517F42 /* Date+Extensions.swift */,
				854409812A5C1FC900517F42 /* Int+Extensions.swift */,
			);
			path = Extensions;
			sourceTree = "<group>";
		};
		85EEBA062A582CC700B010E5 = {
			isa = PBXGroup;
			children = (
				85EEBA112A582CC700B010E5 /* TimePal */,
				85EEBA102A582CC700B010E5 /* Products */,
			);
			sourceTree = "<group>";
		};
		85EEBA102A582CC700B010E5 /* Products */ = {
			isa = PBXGroup;
			children = (
				85EEBA0F2A582CC700B010E5 /* TimePal.app */,
			);
			name = Products;
			sourceTree = "<group>";
		};
		85EEBA112A582CC700B010E5 /* TimePal */ = {
			isa = PBXGroup;
			children = (
				85CB8EA22A58AFD3003B18B5 /* Extensions */,
				85CB8E9F2A58AD6D003B18B5 /* Components */,
				854B67132A5850CE00BD0F39 /* Enums */,
				854B670D2A584F4C00BD0F39 /* Persistence */,
				85EEBA122A582CC700B010E5 /* TimePalApp.swift */,
				85EEBA142A582CC700B010E5 /* ContentView.swift */,
				85EEBA162A582CC800B010E5 /* Assets.xcassets */,
				85EEBA182A582CC800B010E5 /* Preview Content */,
				85CB8E9D2A58AB59003B18B5 /* AddTimeEventView.swift */,
			);
			path = TimePal;
			sourceTree = "<group>";
		};
		85EEBA182A582CC800B010E5 /* Preview Content */ = {
			isa = PBXGroup;
			children = (
				85EEBA192A582CC800B010E5 /* Preview Assets.xcassets */,
			);
			path = "Preview Content";
			sourceTree = "<group>";
		};
/* End PBXGroup section */

/* Begin PBXNativeTarget section */
		85EEBA0E2A582CC700B010E5 /* TimePal */ = {
			isa = PBXNativeTarget;
			buildConfigurationList = 85EEBA222A582CC800B010E5 /* Build configuration list for PBXNativeTarget "TimePal" */;
			buildPhases = (
				85EEBA0B2A582CC700B010E5 /* Sources */,
				85EEBA0C2A582CC700B010E5 /* Frameworks */,
				85EEBA0D2A582CC700B010E5 /* Resources */,
			);
			buildRules = (
			);
			dependencies = (
			);
			name = TimePal;
			productName = TimePal;
			productReference = 85EEBA0F2A582CC700B010E5 /* TimePal.app */;
			productType = "com.apple.product-type.application";
		};
/* End PBXNativeTarget section */

/* Begin PBXProject section */
		85EEBA072A582CC700B010E5 /* Project object */ = {
			isa = PBXProject;
			attributes = {
				BuildIndependentTargetsInParallel = 1;
				LastSwiftUpdateCheck = 1430;
				LastUpgradeCheck = 1430;
				TargetAttributes = {
					85EEBA0E2A582CC700B010E5 = {
						CreatedOnToolsVersion = 14.3.1;
					};
				};
			};
			buildConfigurationList = 85EEBA0A2A582CC700B010E5 /* Build configuration list for PBXProject "TimePal" */;
			compatibilityVersion = "Xcode 14.0";
			developmentRegion = en;
			hasScannedForEncodings = 0;
			knownRegions = (
				en,
				Base,
			);
			mainGroup = 85EEBA062A582CC700B010E5;
			productRefGroup = 85EEBA102A582CC700B010E5 /* Products */;
			projectDirPath = "";
			projectRoot = "";
			targets = (
				85EEBA0E2A582CC700B010E5 /* TimePal */,
			);
		};
/* End PBXProject section */

/* Begin PBXResourcesBuildPhase section */
		85EEBA0D2A582CC700B010E5 /* Resources */ = {
			isa = PBXResourcesBuildPhase;
			buildActionMask = 2147483647;
			files = (
				85EEBA1A2A582CC800B010E5 /* Preview Assets.xcassets in Resources */,
				85EEBA172A582CC800B010E5 /* Assets.xcassets in Resources */,
			);
			runOnlyForDeploymentPostprocessing = 0;
		};
/* End PBXResourcesBuildPhase section */

/* Begin PBXSourcesBuildPhase section */
		85EEBA0B2A582CC700B010E5 /* Sources */ = {
			isa = PBXSourcesBuildPhase;
			buildActionMask = 2147483647;
			files = (
				854B67152A5850DA00BD0F39 /* DataSourceType.swift in Sources */,
				85EEBA1F2A582CC800B010E5 /* TimePal.xcdatamodeld in Sources */,
				85C9D2082A5C6A1800BACC6F /* PinnedTimeEvent.swift in Sources */,
				85EEBA1C2A582CC800B010E5 /* Persistence.swift in Sources */,
				854409802A5C1F0100517F42 /* Date+Extensions.swift in Sources */,
				85EEBA152A582CC700B010E5 /* ContentView.swift in Sources */,
				85C9D20A2A5C6A5A00BACC6F /* ListedTimeEvent.swift in Sources */,
				854B670F2A584F8C00BD0F39 /* DataSource.swift in Sources */,
				85EEBA132A582CC700B010E5 /* TimePalApp.swift in Sources */,
				85CB8E9E2A58AB59003B18B5 /* AddTimeEventView.swift in Sources */,
				85CB8EA42A58AFDF003B18B5 /* UIScreen+Extensions.swift in Sources */,
				854B67122A584FDC00BD0F39 /* TimeEvent.swift in Sources */,
				8544097E2A5C03C800517F42 /* Binding+Extensions.swift in Sources */,
				854409822A5C1FC900517F42 /* Int+Extensions.swift in Sources */,
				852CC5062A60302400BDAE0E /* DaysCount.swift in Sources */,
				8554726D2A5999490034C46A /* Color+Extensions.swift in Sources */,
				85CB8EA12A58AD7F003B18B5 /* CustomTextField.swift in Sources */,
			);
			runOnlyForDeploymentPostprocessing = 0;
		};
/* End PBXSourcesBuildPhase section */

/* Begin XCBuildConfiguration section */
		85EEBA202A582CC800B010E5 /* Debug */ = {
			isa = XCBuildConfiguration;
			buildSettings = {
				ALWAYS_SEARCH_USER_PATHS = NO;
				CLANG_ANALYZER_NONNULL = YES;
				CLANG_ANALYZER_NUMBER_OBJECT_CONVERSION = YES_AGGRESSIVE;
				CLANG_CXX_LANGUAGE_STANDARD = "gnu++20";
				CLANG_ENABLE_MODULES = YES;
				CLANG_ENABLE_OBJC_ARC = YES;
				CLANG_ENABLE_OBJC_WEAK = YES;
				CLANG_WARN_BLOCK_CAPTURE_AUTORELEASING = YES;
				CLANG_WARN_BOOL_CONVERSION = YES;
				CLANG_WARN_COMMA = YES;
				CLANG_WARN_CONSTANT_CONVERSION = YES;
				CLANG_WARN_DEPRECATED_OBJC_IMPLEMENTATIONS = YES;
				CLANG_WARN_DIRECT_OBJC_ISA_USAGE = YES_ERROR;
				CLANG_WARN_DOCUMENTATION_COMMENTS = YES;
				CLANG_WARN_EMPTY_BODY = YES;
				CLANG_WARN_ENUM_CONVERSION = YES;
				CLANG_WARN_INFINITE_RECURSION = YES;
				CLANG_WARN_INT_CONVERSION = YES;
				CLANG_WARN_NON_LITERAL_NULL_CONVERSION = YES;
				CLANG_WARN_OBJC_IMPLICIT_RETAIN_SELF = YES;
				CLANG_WARN_OBJC_LITERAL_CONVERSION = YES;
				CLANG_WARN_OBJC_ROOT_CLASS = YES_ERROR;
				CLANG_WARN_QUOTED_INCLUDE_IN_FRAMEWORK_HEADER = YES;
				CLANG_WARN_RANGE_LOOP_ANALYSIS = YES;
				CLANG_WARN_STRICT_PROTOTYPES = YES;
				CLANG_WARN_SUSPICIOUS_MOVE = YES;
				CLANG_WARN_UNGUARDED_AVAILABILITY = YES_AGGRESSIVE;
				CLANG_WARN_UNREACHABLE_CODE = YES;
				CLANG_WARN__DUPLICATE_METHOD_MATCH = YES;
				COPY_PHASE_STRIP = NO;
				DEBUG_INFORMATION_FORMAT = dwarf;
				ENABLE_STRICT_OBJC_MSGSEND = YES;
				ENABLE_TESTABILITY = YES;
				GCC_C_LANGUAGE_STANDARD = gnu11;
				GCC_DYNAMIC_NO_PIC = NO;
				GCC_NO_COMMON_BLOCKS = YES;
				GCC_OPTIMIZATION_LEVEL = 0;
				GCC_PREPROCESSOR_DEFINITIONS = (
					"DEBUG=1",
					"$(inherited)",
				);
				GCC_WARN_64_TO_32_BIT_CONVERSION = YES;
				GCC_WARN_ABOUT_RETURN_TYPE = YES_ERROR;
				GCC_WARN_UNDECLARED_SELECTOR = YES;
				GCC_WARN_UNINITIALIZED_AUTOS = YES_AGGRESSIVE;
				GCC_WARN_UNUSED_FUNCTION = YES;
				GCC_WARN_UNUSED_VARIABLE = YES;
				IPHONEOS_DEPLOYMENT_TARGET = 16.4;
				MTL_ENABLE_DEBUG_INFO = INCLUDE_SOURCE;
				MTL_FAST_MATH = YES;
				ONLY_ACTIVE_ARCH = YES;
				SDKROOT = iphoneos;
				SWIFT_ACTIVE_COMPILATION_CONDITIONS = DEBUG;
				SWIFT_OPTIMIZATION_LEVEL = "-Onone";
			};
			name = Debug;
		};
		85EEBA212A582CC800B010E5 /* Release */ = {
			isa = XCBuildConfiguration;
			buildSettings = {
				ALWAYS_SEARCH_USER_PATHS = NO;
				CLANG_ANALYZER_NONNULL = YES;
				CLANG_ANALYZER_NUMBER_OBJECT_CONVERSION = YES_AGGRESSIVE;
				CLANG_CXX_LANGUAGE_STANDARD = "gnu++20";
				CLANG_ENABLE_MODULES = YES;
				CLANG_ENABLE_OBJC_ARC = YES;
				CLANG_ENABLE_OBJC_WEAK = YES;
				CLANG_WARN_BLOCK_CAPTURE_AUTORELEASING = YES;
				CLANG_WARN_BOOL_CONVERSION = YES;
				CLANG_WARN_COMMA = YES;
				CLANG_WARN_CONSTANT_CONVERSION = YES;
				CLANG_WARN_DEPRECATED_OBJC_IMPLEMENTATIONS = YES;
				CLANG_WARN_DIRECT_OBJC_ISA_USAGE = YES_ERROR;
				CLANG_WARN_DOCUMENTATION_COMMENTS = YES;
				CLANG_WARN_EMPTY_BODY = YES;
				CLANG_WARN_ENUM_CONVERSION = YES;
				CLANG_WARN_INFINITE_RECURSION = YES;
				CLANG_WARN_INT_CONVERSION = YES;
				CLANG_WARN_NON_LITERAL_NULL_CONVERSION = YES;
				CLANG_WARN_OBJC_IMPLICIT_RETAIN_SELF = YES;
				CLANG_WARN_OBJC_LITERAL_CONVERSION = YES;
				CLANG_WARN_OBJC_ROOT_CLASS = YES_ERROR;
				CLANG_WARN_QUOTED_INCLUDE_IN_FRAMEWORK_HEADER = YES;
				CLANG_WARN_RANGE_LOOP_ANALYSIS = YES;
				CLANG_WARN_STRICT_PROTOTYPES = YES;
				CLANG_WARN_SUSPICIOUS_MOVE = YES;
				CLANG_WARN_UNGUARDED_AVAILABILITY = YES_AGGRESSIVE;
				CLANG_WARN_UNREACHABLE_CODE = YES;
				CLANG_WARN__DUPLICATE_METHOD_MATCH = YES;
				COPY_PHASE_STRIP = NO;
				DEBUG_INFORMATION_FORMAT = "dwarf-with-dsym";
				ENABLE_NS_ASSERTIONS = NO;
				ENABLE_STRICT_OBJC_MSGSEND = YES;
				GCC_C_LANGUAGE_STANDARD = gnu11;
				GCC_NO_COMMON_BLOCKS = YES;
				GCC_WARN_64_TO_32_BIT_CONVERSION = YES;
				GCC_WARN_ABOUT_RETURN_TYPE = YES_ERROR;
				GCC_WARN_UNDECLARED_SELECTOR = YES;
				GCC_WARN_UNINITIALIZED_AUTOS = YES_AGGRESSIVE;
				GCC_WARN_UNUSED_FUNCTION = YES;
				GCC_WARN_UNUSED_VARIABLE = YES;
				IPHONEOS_DEPLOYMENT_TARGET = 16.4;
				MTL_ENABLE_DEBUG_INFO = NO;
				MTL_FAST_MATH = YES;
				SDKROOT = iphoneos;
				SWIFT_COMPILATION_MODE = wholemodule;
				SWIFT_OPTIMIZATION_LEVEL = "-O";
				VALIDATE_PRODUCT = YES;
			};
			name = Release;
		};
		85EEBA232A582CC800B010E5 /* Debug */ = {
			isa = XCBuildConfiguration;
			buildSettings = {
				ASSETCATALOG_COMPILER_APPICON_NAME = AppIcon;
				ASSETCATALOG_COMPILER_GLOBAL_ACCENT_COLOR_NAME = AccentColor;
				CODE_SIGN_STYLE = Automatic;
				CURRENT_PROJECT_VERSION = 1;
				DEVELOPMENT_ASSET_PATHS = "\"TimePal/Preview Content\"";
				DEVELOPMENT_TEAM = DJL65M64G7;
				ENABLE_PREVIEWS = YES;
				GENERATE_INFOPLIST_FILE = YES;
				INFOPLIST_KEY_UIApplicationSceneManifest_Generation = YES;
				INFOPLIST_KEY_UIApplicationSupportsIndirectInputEvents = YES;
				INFOPLIST_KEY_UILaunchScreen_Generation = YES;
				INFOPLIST_KEY_UISupportedInterfaceOrientations_iPad = "UIInterfaceOrientationPortrait UIInterfaceOrientationPortraitUpsideDown UIInterfaceOrientationLandscapeLeft UIInterfaceOrientationLandscapeRight";
				INFOPLIST_KEY_UISupportedInterfaceOrientations_iPhone = "UIInterfaceOrientationPortrait UIInterfaceOrientationLandscapeLeft UIInterfaceOrientationLandscapeRight";
				LD_RUNPATH_SEARCH_PATHS = (
					"$(inherited)",
					"@executable_path/Frameworks",
				);
				MARKETING_VERSION = 1.0;
				PRODUCT_BUNDLE_IDENTIFIER = dev.nikditten.app.TimePal;
				PRODUCT_NAME = "$(TARGET_NAME)";
				SWIFT_EMIT_LOC_STRINGS = YES;
				SWIFT_VERSION = 5.0;
				TARGETED_DEVICE_FAMILY = "1,2";
			};
			name = Debug;
		};
		85EEBA242A582CC800B010E5 /* Release */ = {
			isa = XCBuildConfiguration;
			buildSettings = {
				ASSETCATALOG_COMPILER_APPICON_NAME = AppIcon;
				ASSETCATALOG_COMPILER_GLOBAL_ACCENT_COLOR_NAME = AccentColor;
				CODE_SIGN_STYLE = Automatic;
				CURRENT_PROJECT_VERSION = 1;
				DEVELOPMENT_ASSET_PATHS = "\"TimePal/Preview Content\"";
				DEVELOPMENT_TEAM = DJL65M64G7;
				ENABLE_PREVIEWS = YES;
				GENERATE_INFOPLIST_FILE = YES;
				INFOPLIST_KEY_UIApplicationSceneManifest_Generation = YES;
				INFOPLIST_KEY_UIApplicationSupportsIndirectInputEvents = YES;
				INFOPLIST_KEY_UILaunchScreen_Generation = YES;
				INFOPLIST_KEY_UISupportedInterfaceOrientations_iPad = "UIInterfaceOrientationPortrait UIInterfaceOrientationPortraitUpsideDown UIInterfaceOrientationLandscapeLeft UIInterfaceOrientationLandscapeRight";
				INFOPLIST_KEY_UISupportedInterfaceOrientations_iPhone = "UIInterfaceOrientationPortrait UIInterfaceOrientationLandscapeLeft UIInterfaceOrientationLandscapeRight";
				LD_RUNPATH_SEARCH_PATHS = (
					"$(inherited)",
					"@executable_path/Frameworks",
				);
				MARKETING_VERSION = 1.0;
				PRODUCT_BUNDLE_IDENTIFIER = dev.nikditten.app.TimePal;
				PRODUCT_NAME = "$(TARGET_NAME)";
				SWIFT_EMIT_LOC_STRINGS = YES;
				SWIFT_VERSION = 5.0;
				TARGETED_DEVICE_FAMILY = "1,2";
			};
			name = Release;
		};
/* End XCBuildConfiguration section */

/* Begin XCConfigurationList section */
		85EEBA0A2A582CC700B010E5 /* Build configuration list for PBXProject "TimePal" */ = {
			isa = XCConfigurationList;
			buildConfigurations = (
				85EEBA202A582CC800B010E5 /* Debug */,
				85EEBA212A582CC800B010E5 /* Release */,
			);
			defaultConfigurationIsVisible = 0;
			defaultConfigurationName = Release;
		};
		85EEBA222A582CC800B010E5 /* Build configuration list for PBXNativeTarget "TimePal" */ = {
			isa = XCConfigurationList;
			buildConfigurations = (
				85EEBA232A582CC800B010E5 /* Debug */,
				85EEBA242A582CC800B010E5 /* Release */,
			);
			defaultConfigurationIsVisible = 0;
			defaultConfigurationName = Release;
		};
/* End XCConfigurationList section */

/* Begin XCVersionGroup section */
		85EEBA1D2A582CC800B010E5 /* TimePal.xcdatamodeld */ = {
			isa = XCVersionGroup;
			children = (
				85EEBA1E2A582CC800B010E5 /* TimePal.xcdatamodel */,
			);
			currentVersion = 85EEBA1E2A582CC800B010E5 /* TimePal.xcdatamodel */;
			path = TimePal.xcdatamodeld;
			sourceTree = "<group>";
			versionGroupType = wrapper.xcdatamodel;
		};
/* End XCVersionGroup section */
	};
	rootObject = 85EEBA072A582CC700B010E5 /* Project object */;
}
